// !$*UTF8*$!
{
	archiveVersion = 1;
	classes = {
	};
	objectVersion = 46;
	objects = {

/* Begin PBXBuildFile section */
		345860BD1C48997D0072DF6E /* AppDelegate.swift in Sources */ = {isa = PBXBuildFile; fileRef = 345860BC1C48997D0072DF6E /* AppDelegate.swift */; };
		345860BF1C48997D0072DF6E /* ViewController.swift in Sources */ = {isa = PBXBuildFile; fileRef = 345860BE1C48997D0072DF6E /* ViewController.swift */; };
		345860C41C48997D0072DF6E /* Assets.xcassets in Resources */ = {isa = PBXBuildFile; fileRef = 345860C31C48997D0072DF6E /* Assets.xcassets */; };
		345860C71C48997D0072DF6E /* LaunchScreen.storyboard in Resources */ = {isa = PBXBuildFile; fileRef = 345860C51C48997D0072DF6E /* LaunchScreen.storyboard */; };
/* End PBXBuildFile section */

/* Begin PBXFileReference section */
		345860B91C48997D0072DF6E /* Boxee Remote iOS.app */ = {isa = PBXFileReference; explicitFileType = wrapper.application; includeInIndex = 0; path = "Boxee Remote iOS.app"; sourceTree = BUILT_PRODUCTS_DIR; };
		345860BC1C48997D0072DF6E /* AppDelegate.swift */ = {isa = PBXFileReference; lastKnownFileType = sourcecode.swift; path = AppDelegate.swift; sourceTree = "<group>"; };
		345860BE1C48997D0072DF6E /* ViewController.swift */ = {isa = PBXFileReference; lastKnownFileType = sourcecode.swift; path = ViewController.swift; sourceTree = "<group>"; };
		345860C31C48997D0072DF6E /* Assets.xcassets */ = {isa = PBXFileReference; lastKnownFileType = folder.assetcatalog; path = Assets.xcassets; sourceTree = "<group>"; };
		345860C61C48997D0072DF6E /* Base */ = {isa = PBXFileReference; lastKnownFileType = file.storyboard; name = Base; path = Base.lproj/LaunchScreen.storyboard; sourceTree = "<group>"; };
		345860C81C48997D0072DF6E /* Info.plist */ = {isa = PBXFileReference; lastKnownFileType = text.plist.xml; path = Info.plist; sourceTree = "<group>"; };
/* End PBXFileReference section */

/* Begin PBXFrameworksBuildPhase section */
		345860B61C48997D0072DF6E /* Frameworks */ = {
			isa = PBXFrameworksBuildPhase;
			buildActionMask = 2147483647;
			files = (
			);
			runOnlyForDeploymentPostprocessing = 0;
		};
/* End PBXFrameworksBuildPhase section */

/* Begin PBXGroup section */
		345860B01C48997D0072DF6E = {
			isa = PBXGroup;
			children = (
				345860BB1C48997D0072DF6E /* Boxee Remote iOS */,
				345860BA1C48997D0072DF6E /* Products */,
			);
			sourceTree = "<group>";
		};
		345860BA1C48997D0072DF6E /* Products */ = {
			isa = PBXGroup;
			children = (
				345860B91C48997D0072DF6E /* Boxee Remote iOS.app */,
			);
			name = Products;
			sourceTree = "<group>";
		};
		345860BB1C48997D0072DF6E /* Boxee Remote iOS */ = {
			isa = PBXGroup;
			children = (
				345860BC1C48997D0072DF6E /* AppDelegate.swift */,
				345860BE1C48997D0072DF6E /* ViewController.swift */,
				345860C31C48997D0072DF6E /* Assets.xcassets */,
				345860C51C48997D0072DF6E /* LaunchScreen.storyboard */,
				345860C81C48997D0072DF6E /* Info.plist */,
			);
			path = "Boxee Remote iOS";
			sourceTree = "<group>";
		};
/* End PBXGroup section */

/* Begin PBXNativeTarget section */
		345860B81C48997D0072DF6E /* Boxee Remote iOS */ = {
			isa = PBXNativeTarget;
			buildConfigurationList = 345860CB1C48997D0072DF6E /* Build configuration list for PBXNativeTarget "Boxee Remote iOS" */;
			buildPhases = (
				345860B51C48997D0072DF6E /* Sources */,
				345860B61C48997D0072DF6E /* Frameworks */,
				345860B71C48997D0072DF6E /* Resources */,
			);
			buildRules = (
			);
			dependencies = (
			);
			name = "Boxee Remote iOS";
			productName = "Boxee Remote iOS";
			productReference = 345860B91C48997D0072DF6E /* Boxee Remote iOS.app */;
			productType = "com.apple.product-type.application";
		};
/* End PBXNativeTarget section */

/* Begin PBXProject section */
		345860B11C48997D0072DF6E /* Project object */ = {
			isa = PBXProject;
			attributes = {
				LastSwiftUpdateCheck = 0720;
				LastUpgradeCheck = 0720;
				ORGANIZATIONNAME = "Taylor Glaeser";
				TargetAttributes = {
					345860B81C48997D0072DF6E = {
						CreatedOnToolsVersion = 7.2;
						DevelopmentTeam = W4T5YBQQVE;
					};
				};
			};
			buildConfigurationList = 345860B41C48997D0072DF6E /* Build configuration list for PBXProject "Boxee Remote iOS" */;
			compatibilityVersion = "Xcode 3.2";
			developmentRegion = English;
			hasScannedForEncodings = 0;
			knownRegions = (
				en,
				Base,
			);
			mainGroup = 345860B01C48997D0072DF6E;
			productRefGroup = 345860BA1C48997D0072DF6E /* Products */;
			projectDirPath = "";
			projectRoot = "";
			targets = (
				345860B81C48997D0072DF6E /* Boxee Remote iOS */,
			);
		};
/* End PBXProject section */

/* Begin PBXResourcesBuildPhase section */
		345860B71C48997D0072DF6E /* Resources */ = {
			isa = PBXResourcesBuildPhase;
			buildActionMask = 2147483647;
			files = (
				345860C71C48997D0072DF6E /* LaunchScreen.storyboard in Resources */,
				345860C41C48997D0072DF6E /* Assets.xcassets in Resources */,
			);
			runOnlyForDeploymentPostprocessing = 0;
		};
/* End PBXResourcesBuildPhase section */

/* Begin PBXSourcesBuildPhase section */
		345860B51C48997D0072DF6E /* Sources */ = {
			isa = PBXSourcesBuildPhase;
			buildActionMask = 2147483647;
			files = (
				345860BF1C48997D0072DF6E /* ViewController.swift in Sources */,
				345860BD1C48997D0072DF6E /* AppDelegate.swift in Sources */,
			);
			runOnlyForDeploymentPostprocessing = 0;
		};
/* End PBXSourcesBuildPhase section */

/* Begin PBXVariantGroup section */
		345860C51C48997D0072DF6E /* LaunchScreen.storyboard */ = {
			isa = PBXVariantGroup;
			children = (
				345860C61C48997D0072DF6E /* Base */,
			);
			name = LaunchScreen.storyboard;
			sourceTree = "<group>";
		};
/* End PBXVariantGroup section */

/* Begin XCBuildConfiguration section */
		345860C91C48997D0072DF6E /* Debug */ = {
			isa = XCBuildConfiguration;
			buildSettings = {
				ALWAYS_SEARCH_USER_PATHS = NO;
				CLANG_CXX_LANGUAGE_STANDARD = "gnu++0x";
				CLANG_CXX_LIBRARY = "libc++";
				CLANG_ENABLE_MODULES = YES;
				CLANG_ENABLE_OBJC_ARC = YES;
				CLANG_WARN_BOOL_CONVERSION = YES;
				CLANG_WARN_CONSTANT_CONVERSION = YES;
				CLANG_WARN_DIRECT_OBJC_ISA_USAGE = YES_ERROR;
				CLANG_WARN_EMPTY_BODY = YES;
				CLANG_WARN_ENUM_CONVERSION = YES;
				CLANG_WARN_INT_CONVERSION = YES;
				CLANG_WARN_OBJC_ROOT_CLASS = YES_ERROR;
				CLANG_WARN_UNREACHABLE_CODE = YES;
				CLANG_WARN__DUPLICATE_METHOD_MATCH = YES;
				"CODE_SIGN_IDENTITY[sdk=iphoneos*]" = "iPhone Developer";
				COPY_PHASE_STRIP = NO;
				DEBUG_INFORMATION_FORMAT = dwarf;
				ENABLE_STRICT_OBJC_MSGSEND = YES;
				ENABLE_TESTABILITY = YES;
				GCC_C_LANGUAGE_STANDARD = gnu99;
				GCC_DYNAMIC_NO_PIC = NO;
				GCC_NO_COMMON_BLOCKS = YES;
				GCC_OPTIMIZATION_LEVEL = 0;
				GCC_PREPROCESSOR_DEFINITIONS = (
					"DEBUG=1",
					"$(inherited)",
				);
				GCC_WARN_64_TO_32_BIT_CONVERSION = YES;
				GCC_WARN_ABOUT_RETURN_TYPE = YES_ERROR;
				GCC_WARN_UNDECLARED_SELECTOR = YES;
				GCC_WARN_UNINITIALIZED_AUTOS = YES_AGGRESSIVE;
				GCC_WARN_UNUSED_FUNCTION = YES;
				GCC_WARN_UNUSED_VARIABLE = YES;
				IPHONEOS_DEPLOYMENT_TARGET = 9.2;
				MTL_ENABLE_DEBUG_INFO = YES;
				ONLY_ACTIVE_ARCH = YES;
				SDKROOT = iphoneos;
				SWIFT_OPTIMIZATION_LEVEL = "-Onone";
			};
			name = Debug;
		};
		345860CA1C48997D0072DF6E /* Release */ = {
			isa = XCBuildConfiguration;
			buildSettings = {
				ALWAYS_SEARCH_USER_PATHS = NO;
				CLANG_CXX_LANGUAGE_STANDARD = "gnu++0x";
				CLANG_CXX_LIBRARY = "libc++";
				CLANG_ENABLE_MODULES = YES;
				CLANG_ENABLE_OBJC_ARC = YES;
				CLANG_WARN_BOOL_CONVERSION = YES;
				CLANG_WARN_CONSTANT_CONVERSION = YES;
				CLANG_WARN_DIRECT_OBJC_ISA_USAGE = YES_ERROR;
				CLANG_WARN_EMPTY_BODY = YES;
				CLANG_WARN_ENUM_CONVERSION = YES;
				CLANG_WARN_INT_CONVERSION = YES;
				CLANG_WARN_OBJC_ROOT_CLASS = YES_ERROR;
				CLANG_WARN_UNREACHABLE_CODE = YES;
				CLANG_WARN__DUPLICATE_METHOD_MATCH = YES;
				"CODE_SIGN_IDENTITY[sdk=iphoneos*]" = "iPhone Developer";
				COPY_PHASE_STRIP = NO;
				DEBUG_INFORMATION_FORMAT = "dwarf-with-dsym";
				ENABLE_NS_ASSERTIONS = NO;
				ENABLE_STRICT_OBJC_MSGSEND = YES;
				GCC_C_LANGUAGE_STANDARD = gnu99;
				GCC_NO_COMMON_BLOCKS = YES;
				GCC_WARN_64_TO_32_BIT_CONVERSION = YES;
				GCC_WARN_ABOUT_RETURN_TYPE = YES_ERROR;
				GCC_WARN_UNDECLARED_SELECTOR = YES;
				GCC_WARN_UNINITIALIZED_AUTOS = YES_AGGRESSIVE;
				GCC_WARN_UNUSED_FUNCTION = YES;
				GCC_WARN_UNUSED_VARIABLE = YES;
				IPHONEOS_DEPLOYMENT_TARGET = 9.2;
				MTL_ENABLE_DEBUG_INFO = NO;
				SDKROOT = iphoneos;
				VALIDATE_PRODUCT = YES;
			};
			name = Release;
		};
		345860CC1C48997D0072DF6E /* Debug */ = {
			isa = XCBuildConfiguration;
			buildSettings = {
				ASSETCATALOG_COMPILER_APPICON_NAME = AppIcon;
				CODE_SIGN_IDENTITY = "iPhone Developer";
				INFOPLIST_FILE = "Boxee Remote iOS/Info.plist";
				LD_RUNPATH_SEARCH_PATHS = "$(inherited) @executable_path/Frameworks";
				PRODUCT_BUNDLE_IDENTIFIER = "com.taylorzane.Boxee-Remote-iOS";
				PRODUCT_NAME = "$(TARGET_NAME)";
			};
			name = Debug;
		};
		345860CD1C48997D0072DF6E /* Release */ = {
			isa = XCBuildConfiguration;
			buildSettings = {
				ASSETCATALOG_COMPILER_APPICON_NAME = AppIcon;
				CODE_SIGN_IDENTITY = "iPhone Developer";
				INFOPLIST_FILE = "Boxee Remote iOS/Info.plist";
				LD_RUNPATH_SEARCH_PATHS = "$(inherited) @executable_path/Frameworks";
				PRODUCT_BUNDLE_IDENTIFIER = "com.taylorzane.Boxee-Remote-iOS";
				PRODUCT_NAME = "$(TARGET_NAME)";
			};
			name = Release;
		};
/* End XCBuildConfiguration section */

/* Begin XCConfigurationList section */
		345860B41C48997D0072DF6E /* Build configuration list for PBXProject "Boxee Remote iOS" */ = {
			isa = XCConfigurationList;
			buildConfigurations = (
				345860C91C48997D0072DF6E /* Debug */,
				345860CA1C48997D0072DF6E /* Release */,
			);
			defaultConfigurationIsVisible = 0;
			defaultConfigurationName = Release;
		};
		345860CB1C48997D0072DF6E /* Build configuration list for PBXNativeTarget "Boxee Remote iOS" */ = {
			isa = XCConfigurationList;
			buildConfigurations = (
				345860CC1C48997D0072DF6E /* Debug */,
				345860CD1C48997D0072DF6E /* Release */,
			);
			defaultConfigurationIsVisible = 0;
			defaultConfigurationName = Release;
		};
/* End XCConfigurationList section */
	};
	rootObject = 345860B11C48997D0072DF6E /* Project object */;
}
